
Microsoft Visual Studio Solution File, Format Version 12.00
# Visual Studio Version 16
VisualStudioVersion = 16.0.29709.97
MinimumVisualStudioVersion = 10.0.40219.1
Project("{FAE04EC0-301F-11D3-BF4B-00C04F79EFBC}") = "TraderForPoe", "TraderForPoe\TraderForPoe.csproj", "{B3B9FBD1-137A-419F-9802-3033F37B7565}"
EndProject
Project("{FAE04EC0-301F-11D3-BF4B-00C04F79EFBC}") = "TraderForPoeTest", "TraderForPoeTest\TraderForPoeTest.csproj", "{5940B3CC-8147-4A3E-A199-7155D011E0EA}"
EndProject
Project("{FAE04EC0-301F-11D3-BF4B-00C04F79EFBC}") = "NotifyIconWpf", "NotifyIconWpf\NotifyIconWpf.csproj", "{7AC63864-7638-41C4-969C-D3197EF2BED9}"
EndProject
Project("{2150E333-8FDC-42A3-9474-1A3956D46DE8}") = ".netCore", ".netCore", "{6E09F2F8-E375-4463-853F-335845639CDB}"
EndProject
Project("{2150E333-8FDC-42A3-9474-1A3956D46DE8}") = "src", "src", "{37A21944-6404-4D2C-9A4F-7599A57042EC}"
EndProject
Project("{9A19103F-16F7-4668-BE54-9A1E7A4F7556}") = "NotifyIconWpf", ".netCore\src\NotifyIconWpf\NotifyIconWpf.csproj", "{A8ADBAA7-A4D2-4284-B5AC-057DA1D0529F}"
EndProject
Project("{9A19103F-16F7-4668-BE54-9A1E7A4F7556}") = "TraderForPoe.Core", ".netCore\src\TraderForPoe.Core\TraderForPoe.Core.csproj", "{DE60E77D-4A5F-47B2-875F-E1CDC97F0707}"
EndProject
Project("{2150E333-8FDC-42A3-9474-1A3956D46DE8}") = "test", "test", "{48BDC5CC-F649-48B9-8977-D302608397AC}"
EndProject
Project("{9A19103F-16F7-4668-BE54-9A1E7A4F7556}") = "TraderForPoe.Tests", ".netCore\test\TraderForPoe.Tests\TraderForPoe.Tests.csproj", "{C3CD87B8-E412-4429-AC05-62735C9A15F8}"
EndProject
Project("{9A19103F-16F7-4668-BE54-9A1E7A4F7556}") = "TraderForPoe.WPF", ".netCore\src\TraderForPoe.WPF\TraderForPoe.WPF.csproj", "{B7311F45-AB4A-43EC-B11B-18351D79C6E1}"
EndProject
Global
	GlobalSection(SolutionConfigurationPlatforms) = preSolution
		Debug|Any CPU = Debug|Any CPU
		Release|Any CPU = Release|Any CPU
	EndGlobalSection
	GlobalSection(ProjectConfigurationPlatforms) = postSolution
		{B3B9FBD1-137A-419F-9802-3033F37B7565}.Debug|Any CPU.ActiveCfg = Debug|Any CPU
		{B3B9FBD1-137A-419F-9802-3033F37B7565}.Debug|Any CPU.Build.0 = Debug|Any CPU
		{B3B9FBD1-137A-419F-9802-3033F37B7565}.Release|Any CPU.ActiveCfg = Release|Any CPU
		{B3B9FBD1-137A-419F-9802-3033F37B7565}.Release|Any CPU.Build.0 = Release|Any CPU
		{5940B3CC-8147-4A3E-A199-7155D011E0EA}.Debug|Any CPU.ActiveCfg = Debug|Any CPU
		{5940B3CC-8147-4A3E-A199-7155D011E0EA}.Debug|Any CPU.Build.0 = Debug|Any CPU
		{5940B3CC-8147-4A3E-A199-7155D011E0EA}.Release|Any CPU.ActiveCfg = Release|Any CPU
		{5940B3CC-8147-4A3E-A199-7155D011E0EA}.Release|Any CPU.Build.0 = Release|Any CPU
		{7AC63864-7638-41C4-969C-D3197EF2BED9}.Debug|Any CPU.ActiveCfg = Debug|Any CPU
		{7AC63864-7638-41C4-969C-D3197EF2BED9}.Debug|Any CPU.Build.0 = Debug|Any CPU
		{7AC63864-7638-41C4-969C-D3197EF2BED9}.Release|Any CPU.ActiveCfg = Release|Any CPU
		{7AC63864-7638-41C4-969C-D3197EF2BED9}.Release|Any CPU.Build.0 = Release|Any CPU
		{A8ADBAA7-A4D2-4284-B5AC-057DA1D0529F}.Debug|Any CPU.ActiveCfg = Debug|Any CPU
		{A8ADBAA7-A4D2-4284-B5AC-057DA1D0529F}.Debug|Any CPU.Build.0 = Debug|Any CPU
		{A8ADBAA7-A4D2-4284-B5AC-057DA1D0529F}.Release|Any CPU.ActiveCfg = Release|Any CPU
		{A8ADBAA7-A4D2-4284-B5AC-057DA1D0529F}.Release|Any CPU.Build.0 = Release|Any CPU
		{DE60E77D-4A5F-47B2-875F-E1CDC97F0707}.Debug|Any CPU.ActiveCfg = Debug|Any CPU
		{DE60E77D-4A5F-47B2-875F-E1CDC97F0707}.Debug|Any CPU.Build.0 = Debug|Any CPU
		{DE60E77D-4A5F-47B2-875F-E1CDC97F0707}.Release|Any CPU.ActiveCfg = Release|Any CPU
		{DE60E77D-4A5F-47B2-875F-E1CDC97F0707}.Release|Any CPU.Build.0 = Release|Any CPU
		{C3CD87B8-E412-4429-AC05-62735C9A15F8}.Debug|Any CPU.ActiveCfg = Debug|Any CPU
		{C3CD87B8-E412-4429-AC05-62735C9A15F8}.Debug|Any CPU.Build.0 = Debug|Any CPU
		{C3CD87B8-E412-4429-AC05-62735C9A15F8}.Release|Any CPU.ActiveCfg = Release|Any CPU
		{C3CD87B8-E412-4429-AC05-62735C9A15F8}.Release|Any CPU.Build.0 = Release|Any CPU
		{B7311F45-AB4A-43EC-B11B-18351D79C6E1}.Debug|Any CPU.ActiveCfg = Debug|Any CPU
		{B7311F45-AB4A-43EC-B11B-18351D79C6E1}.Debug|Any CPU.Build.0 = Debug|Any CPU
		{B7311F45-AB4A-43EC-B11B-18351D79C6E1}.Release|Any CPU.ActiveCfg = Release|Any CPU
		{B7311F45-AB4A-43EC-B11B-18351D79C6E1}.Release|Any CPU.Build.0 = Release|Any CPU
	EndGlobalSection
	GlobalSection(SolutionProperties) = preSolution
		HideSolutionNode = FALSE
	EndGlobalSection
	GlobalSection(NestedProjects) = preSolution
		{37A21944-6404-4D2C-9A4F-7599A57042EC} = {6E09F2F8-E375-4463-853F-335845639CDB}
		{A8ADBAA7-A4D2-4284-B5AC-057DA1D0529F} = {37A21944-6404-4D2C-9A4F-7599A57042EC}
		{DE60E77D-4A5F-47B2-875F-E1CDC97F0707} = {37A21944-6404-4D2C-9A4F-7599A57042EC}
		{48BDC5CC-F649-48B9-8977-D302608397AC} = {6E09F2F8-E375-4463-853F-335845639CDB}
		{C3CD87B8-E412-4429-AC05-62735C9A15F8} = {48BDC5CC-F649-48B9-8977-D302608397AC}
		{B7311F45-AB4A-43EC-B11B-18351D79C6E1} = {37A21944-6404-4D2C-9A4F-7599A57042EC}
	EndGlobalSection
	GlobalSection(ExtensibilityGlobals) = postSolution
		SolutionGuid = {6024BBE9-1D77-4B70-84CC-96D686703F93}
	EndGlobalSection
EndGlobal
