
Microsoft Visual Studio Solution File, Format Version 12.00
# Visual Studio Version 16
VisualStudioVersion = 16.0.29709.97
MinimumVisualStudioVersion = 10.0.40219.1
Project("{2150E333-8FDC-42A3-9474-1A3956D46DE8}") = "Solution Items", "Solution Items", "{AE9DA309-2894-48F0-836E-2D904C507E10}"
	ProjectSection(SolutionItems) = preProject
		.editorconfig = .editorconfig
	EndProjectSection
EndProject
Project("{2150E333-8FDC-42A3-9474-1A3956D46DE8}") = "src", "src", "{6A0A6612-1C31-4FE9-88E6-640C9B5866CF}"
EndProject
Project("{2150E333-8FDC-42A3-9474-1A3956D46DE8}") = "test", "test", "{3786B322-5D1F-4B39-AA6F-F3F8EE969D79}"
EndProject
Project("{9A19103F-16F7-4668-BE54-9A1E7A4F7556}") = "TraderForPoe.Business", "src\TraderForPoe.Business\TraderForPoe.Business.csproj", "{8E85DCE6-577A-431B-9340-834C8408D583}"
EndProject
Project("{9A19103F-16F7-4668-BE54-9A1E7A4F7556}") = "NotifyIconWpf", "src\NotifyIconWpf\NotifyIconWpf.csproj", "{25897CF2-117D-4C98-9393-A84A321AC199}"
EndProject
Project("{9A19103F-16F7-4668-BE54-9A1E7A4F7556}") = "TraderForPoe.Core", "src\TraderForPoe.Core\TraderForPoe.Core.csproj", "{790670C7-4A8D-4B5D-81DD-F18420B16E24}"
EndProject
Project("{9A19103F-16F7-4668-BE54-9A1E7A4F7556}") = "TraderForPoe.Input", "src\TraderForPoe.Input\TraderForPoe.Input.csproj", "{A97051C2-34FB-4466-A0EC-1FAB8E0E684C}"
EndProject
Project("{9A19103F-16F7-4668-BE54-9A1E7A4F7556}") = "TraderForPoe.WPF", "src\TraderForPoe.WPF\TraderForPoe.WPF.csproj", "{6F7104B5-3F52-47E9-92A1-B35666B3D0DE}"
EndProject
Project("{9A19103F-16F7-4668-BE54-9A1E7A4F7556}") = "TraderForPoe.Tests", "test\TraderForPoe.Tests\TraderForPoe.Tests.csproj", "{F850D2A3-5DCB-4A6D-B93D-DD1CD5A4F12C}"
EndProject
Global
	GlobalSection(SolutionConfigurationPlatforms) = preSolution
		Debug|Any CPU = Debug|Any CPU
		Release|Any CPU = Release|Any CPU
	EndGlobalSection
	GlobalSection(ProjectConfigurationPlatforms) = postSolution
		{8E85DCE6-577A-431B-9340-834C8408D583}.Debug|Any CPU.ActiveCfg = Debug|Any CPU
		{8E85DCE6-577A-431B-9340-834C8408D583}.Debug|Any CPU.Build.0 = Debug|Any CPU
		{8E85DCE6-577A-431B-9340-834C8408D583}.Release|Any CPU.ActiveCfg = Release|Any CPU
		{8E85DCE6-577A-431B-9340-834C8408D583}.Release|Any CPU.Build.0 = Release|Any CPU
		{25897CF2-117D-4C98-9393-A84A321AC199}.Debug|Any CPU.ActiveCfg = Debug|Any CPU
		{25897CF2-117D-4C98-9393-A84A321AC199}.Debug|Any CPU.Build.0 = Debug|Any CPU
		{25897CF2-117D-4C98-9393-A84A321AC199}.Release|Any CPU.ActiveCfg = Release|Any CPU
		{25897CF2-117D-4C98-9393-A84A321AC199}.Release|Any CPU.Build.0 = Release|Any CPU
		{790670C7-4A8D-4B5D-81DD-F18420B16E24}.Debug|Any CPU.ActiveCfg = Debug|Any CPU
		{790670C7-4A8D-4B5D-81DD-F18420B16E24}.Debug|Any CPU.Build.0 = Debug|Any CPU
		{790670C7-4A8D-4B5D-81DD-F18420B16E24}.Release|Any CPU.ActiveCfg = Release|Any CPU
		{790670C7-4A8D-4B5D-81DD-F18420B16E24}.Release|Any CPU.Build.0 = Release|Any CPU
		{A97051C2-34FB-4466-A0EC-1FAB8E0E684C}.Debug|Any CPU.ActiveCfg = Debug|Any CPU
		{A97051C2-34FB-4466-A0EC-1FAB8E0E684C}.Debug|Any CPU.Build.0 = Debug|Any CPU
		{A97051C2-34FB-4466-A0EC-1FAB8E0E684C}.Release|Any CPU.ActiveCfg = Release|Any CPU
		{A97051C2-34FB-4466-A0EC-1FAB8E0E684C}.Release|Any CPU.Build.0 = Release|Any CPU
		{6F7104B5-3F52-47E9-92A1-B35666B3D0DE}.Debug|Any CPU.ActiveCfg = Debug|Any CPU
		{6F7104B5-3F52-47E9-92A1-B35666B3D0DE}.Debug|Any CPU.Build.0 = Debug|Any CPU
		{6F7104B5-3F52-47E9-92A1-B35666B3D0DE}.Release|Any CPU.ActiveCfg = Release|Any CPU
		{6F7104B5-3F52-47E9-92A1-B35666B3D0DE}.Release|Any CPU.Build.0 = Release|Any CPU
		{F850D2A3-5DCB-4A6D-B93D-DD1CD5A4F12C}.Debug|Any CPU.ActiveCfg = Debug|Any CPU
		{F850D2A3-5DCB-4A6D-B93D-DD1CD5A4F12C}.Debug|Any CPU.Build.0 = Debug|Any CPU
		{F850D2A3-5DCB-4A6D-B93D-DD1CD5A4F12C}.Release|Any CPU.ActiveCfg = Release|Any CPU
		{F850D2A3-5DCB-4A6D-B93D-DD1CD5A4F12C}.Release|Any CPU.Build.0 = Release|Any CPU
	EndGlobalSection
	GlobalSection(SolutionProperties) = preSolution
		HideSolutionNode = FALSE
	EndGlobalSection
	GlobalSection(NestedProjects) = preSolution
		{8E85DCE6-577A-431B-9340-834C8408D583} = {6A0A6612-1C31-4FE9-88E6-640C9B5866CF}
		{25897CF2-117D-4C98-9393-A84A321AC199} = {6A0A6612-1C31-4FE9-88E6-640C9B5866CF}
		{790670C7-4A8D-4B5D-81DD-F18420B16E24} = {6A0A6612-1C31-4FE9-88E6-640C9B5866CF}
		{A97051C2-34FB-4466-A0EC-1FAB8E0E684C} = {6A0A6612-1C31-4FE9-88E6-640C9B5866CF}
		{6F7104B5-3F52-47E9-92A1-B35666B3D0DE} = {6A0A6612-1C31-4FE9-88E6-640C9B5866CF}
		{F850D2A3-5DCB-4A6D-B93D-DD1CD5A4F12C} = {3786B322-5D1F-4B39-AA6F-F3F8EE969D79}
	EndGlobalSection
	GlobalSection(ExtensibilityGlobals) = postSolution
		SolutionGuid = {6024BBE9-1D77-4B70-84CC-96D686703F93}
	EndGlobalSection
EndGlobal
